// !$*UTF8*$!
{
	archiveVersion = 1;
	classes = {
	};
	objectVersion = 50;
	objects = {

/* Begin PBXBuildFile section */
		5FE8604D263CBCBB008AA044 /* AppDelegate.swift in Sources */ = {isa = PBXBuildFile; fileRef = 5FE8604C263CBCBB008AA044 /* AppDelegate.swift */; };
		5FE8604F263CBCBB008AA044 /* SceneDelegate.swift in Sources */ = {isa = PBXBuildFile; fileRef = 5FE8604E263CBCBB008AA044 /* SceneDelegate.swift */; };
		5FE86051263CBCBB008AA044 /* ViewController.swift in Sources */ = {isa = PBXBuildFile; fileRef = 5FE86050263CBCBB008AA044 /* ViewController.swift */; };
		5FE86054263CBCBB008AA044 /* Main.storyboard in Resources */ = {isa = PBXBuildFile; fileRef = 5FE86052263CBCBB008AA044 /* Main.storyboard */; };
		5FE86056263CBCBC008AA044 /* Assets.xcassets in Resources */ = {isa = PBXBuildFile; fileRef = 5FE86055263CBCBC008AA044 /* Assets.xcassets */; };
		5FE86059263CBCBC008AA044 /* LaunchScreen.storyboard in Resources */ = {isa = PBXBuildFile; fileRef = 5FE86057263CBCBC008AA044 /* LaunchScreen.storyboard */; };
		5FE86061263CC56C008AA044 /* HomeControllerButton.swift in Sources */ = {isa = PBXBuildFile; fileRef = 5FE86060263CC56C008AA044 /* HomeControllerButton.swift */; };
		5FE86065263CD8CF008AA044 /* ProductCell.swift in Sources */ = {isa = PBXBuildFile; fileRef = 5FE86064263CD8CF008AA044 /* ProductCell.swift */; };
		5FE86067263CDDA4008AA044 /* Product.swift in Sources */ = {isa = PBXBuildFile; fileRef = 5FE86066263CDDA4008AA044 /* Product.swift */; };
/* End PBXBuildFile section */

/* Begin PBXFileReference section */
		5FE86049263CBCBB008AA044 /* ps5AppController.app */ = {isa = PBXFileReference; explicitFileType = wrapper.application; includeInIndex = 0; path = ps5AppController.app; sourceTree = BUILT_PRODUCTS_DIR; };
		5FE8604C263CBCBB008AA044 /* AppDelegate.swift */ = {isa = PBXFileReference; lastKnownFileType = sourcecode.swift; path = AppDelegate.swift; sourceTree = "<group>"; };
		5FE8604E263CBCBB008AA044 /* SceneDelegate.swift */ = {isa = PBXFileReference; lastKnownFileType = sourcecode.swift; path = SceneDelegate.swift; sourceTree = "<group>"; };
		5FE86050263CBCBB008AA044 /* ViewController.swift */ = {isa = PBXFileReference; lastKnownFileType = sourcecode.swift; path = ViewController.swift; sourceTree = "<group>"; };
		5FE86053263CBCBB008AA044 /* Base */ = {isa = PBXFileReference; lastKnownFileType = file.storyboard; name = Base; path = Base.lproj/Main.storyboard; sourceTree = "<group>"; };
		5FE86055263CBCBC008AA044 /* Assets.xcassets */ = {isa = PBXFileReference; lastKnownFileType = folder.assetcatalog; path = Assets.xcassets; sourceTree = "<group>"; };
		5FE86058263CBCBC008AA044 /* Base */ = {isa = PBXFileReference; lastKnownFileType = file.storyboard; name = Base; path = Base.lproj/LaunchScreen.storyboard; sourceTree = "<group>"; };
		5FE8605A263CBCBC008AA044 /* Info.plist */ = {isa = PBXFileReference; lastKnownFileType = text.plist.xml; path = Info.plist; sourceTree = "<group>"; };
		5FE86060263CC56C008AA044 /* HomeControllerButton.swift */ = {isa = PBXFileReference; lastKnownFileType = sourcecode.swift; path = HomeControllerButton.swift; sourceTree = "<group>"; };
		5FE86064263CD8CF008AA044 /* ProductCell.swift */ = {isa = PBXFileReference; lastKnownFileType = sourcecode.swift; path = ProductCell.swift; sourceTree = "<group>"; };
		5FE86066263CDDA4008AA044 /* Product.swift */ = {isa = PBXFileReference; lastKnownFileType = sourcecode.swift; path = Product.swift; sourceTree = "<group>"; };
/* End PBXFileReference section */

/* Begin PBXFrameworksBuildPhase section */
		5FE86046263CBCBB008AA044 /* Frameworks */ = {
			isa = PBXFrameworksBuildPhase;
			buildActionMask = 2147483647;
			files = (
			);
			runOnlyForDeploymentPostprocessing = 0;
		};
/* End PBXFrameworksBuildPhase section */

/* Begin PBXGroup section */
		5FE86040263CBCBB008AA044 = {
			isa = PBXGroup;
			children = (
				5FE8604B263CBCBB008AA044 /* ps5AppController */,
				5FE8604A263CBCBB008AA044 /* Products */,
			);
			sourceTree = "<group>";
		};
		5FE8604A263CBCBB008AA044 /* Products */ = {
			isa = PBXGroup;
			children = (
				5FE86049263CBCBB008AA044 /* ps5AppController.app */,
			);
			name = Products;
			sourceTree = "<group>";
		};
		5FE8604B263CBCBB008AA044 /* ps5AppController */ = {
			isa = PBXGroup;
			children = (
				5FE8604C263CBCBB008AA044 /* AppDelegate.swift */,
				5FE8604E263CBCBB008AA044 /* SceneDelegate.swift */,
				5FE86068263CDE35008AA044 /* Controller */,
				5FE86052263CBCBB008AA044 /* Main.storyboard */,
				5FE86055263CBCBC008AA044 /* Assets.xcassets */,
				5FE86057263CBCBC008AA044 /* LaunchScreen.storyboard */,
				5FE8605A263CBCBC008AA044 /* Info.plist */,
				5FE8606A263CDE44008AA044 /* View */,
				5FE86069263CDE3F008AA044 /* Model */,
			);
			path = ps5AppController;
			sourceTree = "<group>";
		};
		5FE86068263CDE35008AA044 /* Controller */ = {
			isa = PBXGroup;
			children = (
				5FE86050263CBCBB008AA044 /* ViewController.swift */,
			);
			path = Controller;
			sourceTree = "<group>";
		};
		5FE86069263CDE3F008AA044 /* Model */ = {
			isa = PBXGroup;
			children = (
				5FE86066263CDDA4008AA044 /* Product.swift */,
			);
			path = Model;
			sourceTree = "<group>";
		};
		5FE8606A263CDE44008AA044 /* View */ = {
			isa = PBXGroup;
			children = (
				5FE86064263CD8CF008AA044 /* ProductCell.swift */,
				5FE86060263CC56C008AA044 /* HomeControllerButton.swift */,
			);
			path = View;
			sourceTree = "<group>";
		};
/* End PBXGroup section */

/* Begin PBXNativeTarget section */
		5FE86048263CBCBB008AA044 /* ps5AppController */ = {
			isa = PBXNativeTarget;
			buildConfigurationList = 5FE8605D263CBCBC008AA044 /* Build configuration list for PBXNativeTarget "ps5AppController" */;
			buildPhases = (
				5FE86045263CBCBB008AA044 /* Sources */,
				5FE86046263CBCBB008AA044 /* Frameworks */,
				5FE86047263CBCBB008AA044 /* Resources */,
			);
			buildRules = (
			);
			dependencies = (
			);
			name = ps5AppController;
			productName = ps5AppController;
			productReference = 5FE86049263CBCBB008AA044 /* ps5AppController.app */;
			productType = "com.apple.product-type.application";
		};
/* End PBXNativeTarget section */

/* Begin PBXProject section */
		5FE86041263CBCBB008AA044 /* Project object */ = {
			isa = PBXProject;
			attributes = {
				LastSwiftUpdateCheck = 1250;
				LastUpgradeCheck = 1250;
				TargetAttributes = {
					5FE86048263CBCBB008AA044 = {
						CreatedOnToolsVersion = 12.5;
					};
				};
			};
			buildConfigurationList = 5FE86044263CBCBB008AA044 /* Build configuration list for PBXProject "ps5AppController" */;
			compatibilityVersion = "Xcode 9.3";
			developmentRegion = en;
			hasScannedForEncodings = 0;
			knownRegions = (
				en,
				Base,
			);
			mainGroup = 5FE86040263CBCBB008AA044;
			productRefGroup = 5FE8604A263CBCBB008AA044 /* Products */;
			projectDirPath = "";
			projectRoot = "";
			targets = (
				5FE86048263CBCBB008AA044 /* ps5AppController */,
			);
		};
/* End PBXProject section */

/* Begin PBXResourcesBuildPhase section */
		5FE86047263CBCBB008AA044 /* Resources */ = {
			isa = PBXResourcesBuildPhase;
			buildActionMask = 2147483647;
			files = (
				5FE86059263CBCBC008AA044 /* LaunchScreen.storyboard in Resources */,
				5FE86056263CBCBC008AA044 /* Assets.xcassets in Resources */,
				5FE86054263CBCBB008AA044 /* Main.storyboard in Resources */,
			);
			runOnlyForDeploymentPostprocessing = 0;
		};
/* End PBXResourcesBuildPhase section */

/* Begin PBXSourcesBuildPhase section */
		5FE86045263CBCBB008AA044 /* Sources */ = {
			isa = PBXSourcesBuildPhase;
			buildActionMask = 2147483647;
			files = (
				5FE86051263CBCBB008AA044 /* ViewController.swift in Sources */,
				5FE8604D263CBCBB008AA044 /* AppDelegate.swift in Sources */,
				5FE86065263CD8CF008AA044 /* ProductCell.swift in Sources */,
				5FE86061263CC56C008AA044 /* HomeControllerButton.swift in Sources */,
				5FE8604F263CBCBB008AA044 /* SceneDelegate.swift in Sources */,
				5FE86067263CDDA4008AA044 /* Product.swift in Sources */,
			);
			runOnlyForDeploymentPostprocessing = 0;
		};
/* End PBXSourcesBuildPhase section */

/* Begin PBXVariantGroup section */
		5FE86052263CBCBB008AA044 /* Main.storyboard */ = {
			isa = PBXVariantGroup;
			children = (
				5FE86053263CBCBB008AA044 /* Base */,
			);
			name = Main.storyboard;
			sourceTree = "<group>";
		};
		5FE86057263CBCBC008AA044 /* LaunchScreen.storyboard */ = {
			isa = PBXVariantGroup;
			children = (
				5FE86058263CBCBC008AA044 /* Base */,
			);
			name = LaunchScreen.storyboard;
			sourceTree = "<group>";
		};
/* End PBXVariantGroup section */

/* Begin XCBuildConfiguration section */
		5FE8605B263CBCBC008AA044 /* Debug */ = {
			isa = XCBuildConfiguration;
			buildSettings = {
				ALWAYS_SEARCH_USER_PATHS = NO;
				CLANG_ANALYZER_NONNULL = YES;
				CLANG_ANALYZER_NUMBER_OBJECT_CONVERSION = YES_AGGRESSIVE;
				CLANG_CXX_LANGUAGE_STANDARD = "gnu++14";
				CLANG_CXX_LIBRARY = "libc++";
				CLANG_ENABLE_MODULES = YES;
				CLANG_ENABLE_OBJC_ARC = YES;
				CLANG_ENABLE_OBJC_WEAK = YES;
				CLANG_WARN_BLOCK_CAPTURE_AUTORELEASING = YES;
				CLANG_WARN_BOOL_CONVERSION = YES;
				CLANG_WARN_COMMA = YES;
				CLANG_WARN_CONSTANT_CONVERSION = YES;
				CLANG_WARN_DEPRECATED_OBJC_IMPLEMENTATIONS = YES;
				CLANG_WARN_DIRECT_OBJC_ISA_USAGE = YES_ERROR;
				CLANG_WARN_DOCUMENTATION_COMMENTS = YES;
				CLANG_WARN_EMPTY_BODY = YES;
				CLANG_WARN_ENUM_CONVERSION = YES;
				CLANG_WARN_INFINITE_RECURSION = YES;
				CLANG_WARN_INT_CONVERSION = YES;
				CLANG_WARN_NON_LITERAL_NULL_CONVERSION = YES;
				CLANG_WARN_OBJC_IMPLICIT_RETAIN_SELF = YES;
				CLANG_WARN_OBJC_LITERAL_CONVERSION = YES;
				CLANG_WARN_OBJC_ROOT_CLASS = YES_ERROR;
				CLANG_WARN_QUOTED_INCLUDE_IN_FRAMEWORK_HEADER = YES;
				CLANG_WARN_RANGE_LOOP_ANALYSIS = YES;
				CLANG_WARN_STRICT_PROTOTYPES = YES;
				CLANG_WARN_SUSPICIOUS_MOVE = YES;
				CLANG_WARN_UNGUARDED_AVAILABILITY = YES_AGGRESSIVE;
				CLANG_WARN_UNREACHABLE_CODE = YES;
				CLANG_WARN__DUPLICATE_METHOD_MATCH = YES;
				COPY_PHASE_STRIP = NO;
				DEBUG_INFORMATION_FORMAT = dwarf;
				ENABLE_STRICT_OBJC_MSGSEND = YES;
				ENABLE_TESTABILITY = YES;
				GCC_C_LANGUAGE_STANDARD = gnu11;
				GCC_DYNAMIC_NO_PIC = NO;
				GCC_NO_COMMON_BLOCKS = YES;
				GCC_OPTIMIZATION_LEVEL = 0;
				GCC_PREPROCESSOR_DEFINITIONS = (
					"DEBUG=1",
					"$(inherited)",
				);
				GCC_WARN_64_TO_32_BIT_CONVERSION = YES;
				GCC_WARN_ABOUT_RETURN_TYPE = YES_ERROR;
				GCC_WARN_UNDECLARED_SELECTOR = YES;
				GCC_WARN_UNINITIALIZED_AUTOS = YES_AGGRESSIVE;
				GCC_WARN_UNUSED_FUNCTION = YES;
				GCC_WARN_UNUSED_VARIABLE = YES;
				IPHONEOS_DEPLOYMENT_TARGET = 14.5;
				MTL_ENABLE_DEBUG_INFO = INCLUDE_SOURCE;
				MTL_FAST_MATH = YES;
				ONLY_ACTIVE_ARCH = YES;
				SDKROOT = iphoneos;
				SWIFT_ACTIVE_COMPILATION_CONDITIONS = DEBUG;
				SWIFT_OPTIMIZATION_LEVEL = "-Onone";
			};
			name = Debug;
		};
		5FE8605C263CBCBC008AA044 /* Release */ = {
			isa = XCBuildConfiguration;
			buildSettings = {
				ALWAYS_SEARCH_USER_PATHS = NO;
				CLANG_ANALYZER_NONNULL = YES;
				CLANG_ANALYZER_NUMBER_OBJECT_CONVERSION = YES_AGGRESSIVE;
				CLANG_CXX_LANGUAGE_STANDARD = "gnu++14";
				CLANG_CXX_LIBRARY = "libc++";
				CLANG_ENABLE_MODULES = YES;
				CLANG_ENABLE_OBJC_ARC = YES;
				CLANG_ENABLE_OBJC_WEAK = YES;
				CLANG_WARN_BLOCK_CAPTURE_AUTORELEASING = YES;
				CLANG_WARN_BOOL_CONVERSION = YES;
				CLANG_WARN_COMMA = YES;
				CLANG_WARN_CONSTANT_CONVERSION = YES;
				CLANG_WARN_DEPRECATED_OBJC_IMPLEMENTATIONS = YES;
				CLANG_WARN_DIRECT_OBJC_ISA_USAGE = YES_ERROR;
				CLANG_WARN_DOCUMENTATION_COMMENTS = YES;
				CLANG_WARN_EMPTY_BODY = YES;
				CLANG_WARN_ENUM_CONVERSION = YES;
				CLANG_WARN_INFINITE_RECURSION = YES;
				CLANG_WARN_INT_CONVERSION = YES;
				CLANG_WARN_NON_LITERAL_NULL_CONVERSION = YES;
				CLANG_WARN_OBJC_IMPLICIT_RETAIN_SELF = YES;
				CLANG_WARN_OBJC_LITERAL_CONVERSION = YES;
				CLANG_WARN_OBJC_ROOT_CLASS = YES_ERROR;
				CLANG_WARN_QUOTED_INCLUDE_IN_FRAMEWORK_HEADER = YES;
				CLANG_WARN_RANGE_LOOP_ANALYSIS = YES;
				CLANG_WARN_STRICT_PROTOTYPES = YES;
				CLANG_WARN_SUSPICIOUS_MOVE = YES;
				CLANG_WARN_UNGUARDED_AVAILABILITY = YES_AGGRESSIVE;
				CLANG_WARN_UNREACHABLE_CODE = YES;
				CLANG_WARN__DUPLICATE_METHOD_MATCH = YES;
				COPY_PHASE_STRIP = NO;
				DEBUG_INFORMATION_FORMAT = "dwarf-with-dsym";
				ENABLE_NS_ASSERTIONS = NO;
				ENABLE_STRICT_OBJC_MSGSEND = YES;
				GCC_C_LANGUAGE_STANDARD = gnu11;
				GCC_NO_COMMON_BLOCKS = YES;
				GCC_WARN_64_TO_32_BIT_CONVERSION = YES;
				GCC_WARN_ABOUT_RETURN_TYPE = YES_ERROR;
				GCC_WARN_UNDECLARED_SELECTOR = YES;
				GCC_WARN_UNINITIALIZED_AUTOS = YES_AGGRESSIVE;
				GCC_WARN_UNUSED_FUNCTION = YES;
				GCC_WARN_UNUSED_VARIABLE = YES;
				IPHONEOS_DEPLOYMENT_TARGET = 14.5;
				MTL_ENABLE_DEBUG_INFO = NO;
				MTL_FAST_MATH = YES;
				SDKROOT = iphoneos;
				SWIFT_COMPILATION_MODE = wholemodule;
				SWIFT_OPTIMIZATION_LEVEL = "-O";
				VALIDATE_PRODUCT = YES;
			};
			name = Release;
		};
		5FE8605E263CBCBC008AA044 /* Debug */ = {
			isa = XCBuildConfiguration;
			buildSettings = {
				ASSETCATALOG_COMPILER_APPICON_NAME = AppIcon;
				ASSETCATALOG_COMPILER_GLOBAL_ACCENT_COLOR_NAME = AccentColor;
				CODE_SIGN_STYLE = Automatic;
				DEVELOPMENT_TEAM = L6W9B823S3;
				INFOPLIST_FILE = ps5AppController/Info.plist;
				LD_RUNPATH_SEARCH_PATHS = (
					"$(inherited)",
					"@executable_path/Frameworks",
				);
				PRODUCT_BUNDLE_IDENTIFIER = com.atae.ps5AppController;
				PRODUCT_NAME = "$(TARGET_NAME)";
				SWIFT_VERSION = 5.0;
				TARGETED_DEVICE_FAMILY = "1,2";
			};
			name = Debug;
		};
		5FE8605F263CBCBC008AA044 /* Release */ = {
			isa = XCBuildConfiguration;
			buildSettings = {
				ASSETCATALOG_COMPILER_APPICON_NAME = AppIcon;
				ASSETCATALOG_COMPILER_GLOBAL_ACCENT_COLOR_NAME = AccentColor;
				CODE_SIGN_STYLE = Automatic;
				DEVELOPMENT_TEAM = L6W9B823S3;
				INFOPLIST_FILE = ps5AppController/Info.plist;
				LD_RUNPATH_SEARCH_PATHS = (
					"$(inherited)",
					"@executable_path/Frameworks",
				);
				PRODUCT_BUNDLE_IDENTIFIER = com.atae.ps5AppController;
				PRODUCT_NAME = "$(TARGET_NAME)";
				SWIFT_VERSION = 5.0;
				TARGETED_DEVICE_FAMILY = "1,2";
			};
			name = Release;
		};
/* End XCBuildConfiguration section */

/* Begin XCConfigurationList section */
		5FE86044263CBCBB008AA044 /* Build configuration list for PBXProject "ps5AppController" */ = {
			isa = XCConfigurationList;
			buildConfigurations = (
				5FE8605B263CBCBC008AA044 /* Debug */,
				5FE8605C263CBCBC008AA044 /* Release */,
			);
			defaultConfigurationIsVisible = 0;
			defaultConfigurationName = Release;
		};
		5FE8605D263CBCBC008AA044 /* Build configuration list for PBXNativeTarget "ps5AppController" */ = {
			isa = XCConfigurationList;
			buildConfigurations = (
				5FE8605E263CBCBC008AA044 /* Debug */,
				5FE8605F263CBCBC008AA044 /* Release */,
			);
			defaultConfigurationIsVisible = 0;
			defaultConfigurationName = Release;
		};
/* End XCConfigurationList section */
	};
	rootObject = 5FE86041263CBCBB008AA044 /* Project object */;
}
